
Microsoft Visual Studio Solution File, Format Version 12.00
# Visual Studio Version 17
VisualStudioVersion = 17.9.34616.47
MinimumVisualStudioVersion = 10.0.40219.1
Project("{FAE04EC0-301F-11D3-BF4B-00C04F79EFBC}") = "Ressourcen2", "Ressourcen2\Ressourcen2.csproj", "{61797E2F-8E99-4958-9504-3DC47F47923E}"
EndProject
Global
	GlobalSection(SolutionConfigurationPlatforms) = preSolution
		Debug|Any CPU = Debug|Any CPU
		Release|Any CPU = Release|Any CPU
	EndGlobalSection
	GlobalSection(ProjectConfigurationPlatforms) = postSolution
		{61797E2F-8E99-4958-9504-3DC47F47923E}.Debug|Any CPU.ActiveCfg = Debug|Any CPU
		{61797E2F-8E99-4958-9504-3DC47F47923E}.Debug|Any CPU.Build.0 = Debug|Any CPU
		{61797E2F-8E99-4958-9504-3DC47F47923E}.Release|Any CPU.ActiveCfg = Release|Any CPU
		{61797E2F-8E99-4958-9504-3DC47F47923E}.Release|Any CPU.Build.0 = Release|Any CPU
	EndGlobalSection
	GlobalSection(SolutionProperties) = preSolution
		HideSolutionNode = FALSE
	EndGlobalSection
	GlobalSection(ExtensibilityGlobals) = postSolution
		SolutionGuid = {10A71E23-23AD-495F-8728-2FDA2C7F64CF}
	EndGlobalSection
EndGlobal
