
Microsoft Visual Studio Solution File, Format Version 12.00
# Visual Studio Version 17
VisualStudioVersion = 17.9.34616.47
MinimumVisualStudioVersion = 10.0.40219.1
Project("{FAE04EC0-301F-11D3-BF4B-00C04F79EFBC}") = "Datenbindung1", "Datenbindung1\Datenbindung1.csproj", "{A82CB2B5-F6A3-4C09-9069-E692DCE23516}"
EndProject
Global
	GlobalSection(SolutionConfigurationPlatforms) = preSolution
		Debug|Any CPU = Debug|Any CPU
		Release|Any CPU = Release|Any CPU
	EndGlobalSection
	GlobalSection(ProjectConfigurationPlatforms) = postSolution
		{A82CB2B5-F6A3-4C09-9069-E692DCE23516}.Debug|Any CPU.ActiveCfg = Debug|Any CPU
		{A82CB2B5-F6A3-4C09-9069-E692DCE23516}.Debug|Any CPU.Build.0 = Debug|Any CPU
		{A82CB2B5-F6A3-4C09-9069-E692DCE23516}.Release|Any CPU.ActiveCfg = Release|Any CPU
		{A82CB2B5-F6A3-4C09-9069-E692DCE23516}.Release|Any CPU.Build.0 = Release|Any CPU
	EndGlobalSection
	GlobalSection(SolutionProperties) = preSolution
		HideSolutionNode = FALSE
	EndGlobalSection
	GlobalSection(ExtensibilityGlobals) = postSolution
		SolutionGuid = {B927DC67-9AF4-4CD7-8A1E-069D83DA26C5}
	EndGlobalSection
EndGlobal
