
Microsoft Visual Studio Solution File, Format Version 12.00
# Visual Studio Version 17
VisualStudioVersion = 17.9.34616.47
MinimumVisualStudioVersion = 10.0.40219.1
Project("{FAE04EC0-301F-11D3-BF4B-00C04F79EFBC}") = "WPF_Beispiel1", "WPF_Beispiel1\WPF_Beispiel1.csproj", "{4A2ED51D-CA2F-4D89-9227-5E92C02566CB}"
EndProject
Global
	GlobalSection(SolutionConfigurationPlatforms) = preSolution
		Debug|Any CPU = Debug|Any CPU
		Release|Any CPU = Release|Any CPU
	EndGlobalSection
	GlobalSection(ProjectConfigurationPlatforms) = postSolution
		{4A2ED51D-CA2F-4D89-9227-5E92C02566CB}.Debug|Any CPU.ActiveCfg = Debug|Any CPU
		{4A2ED51D-CA2F-4D89-9227-5E92C02566CB}.Debug|Any CPU.Build.0 = Debug|Any CPU
		{4A2ED51D-CA2F-4D89-9227-5E92C02566CB}.Release|Any CPU.ActiveCfg = Release|Any CPU
		{4A2ED51D-CA2F-4D89-9227-5E92C02566CB}.Release|Any CPU.Build.0 = Release|Any CPU
	EndGlobalSection
	GlobalSection(SolutionProperties) = preSolution
		HideSolutionNode = FALSE
	EndGlobalSection
	GlobalSection(ExtensibilityGlobals) = postSolution
		SolutionGuid = {26EA5B2D-4120-4CFC-8F31-5452A882F0D8}
	EndGlobalSection
EndGlobal
