
Microsoft Visual Studio Solution File, Format Version 12.00
# Visual Studio Version 17
VisualStudioVersion = 17.9.34616.47
MinimumVisualStudioVersion = 10.0.40219.1
Project("{FAE04EC0-301F-11D3-BF4B-00C04F79EFBC}") = "AsyncBeispiel", "AsyncBeispiel\AsyncBeispiel.csproj", "{36C344F4-FBE6-45F6-A679-BB4460174ED4}"
EndProject
Global
	GlobalSection(SolutionConfigurationPlatforms) = preSolution
		Debug|Any CPU = Debug|Any CPU
		Release|Any CPU = Release|Any CPU
	EndGlobalSection
	GlobalSection(ProjectConfigurationPlatforms) = postSolution
		{36C344F4-FBE6-45F6-A679-BB4460174ED4}.Debug|Any CPU.ActiveCfg = Debug|Any CPU
		{36C344F4-FBE6-45F6-A679-BB4460174ED4}.Debug|Any CPU.Build.0 = Debug|Any CPU
		{36C344F4-FBE6-45F6-A679-BB4460174ED4}.Release|Any CPU.ActiveCfg = Release|Any CPU
		{36C344F4-FBE6-45F6-A679-BB4460174ED4}.Release|Any CPU.Build.0 = Release|Any CPU
	EndGlobalSection
	GlobalSection(SolutionProperties) = preSolution
		HideSolutionNode = FALSE
	EndGlobalSection
	GlobalSection(ExtensibilityGlobals) = postSolution
		SolutionGuid = {3EA89315-97DF-4573-AC14-ACEA7FFDF820}
	EndGlobalSection
EndGlobal
